<?xml version="1.0" encoding="utf-8"?>
<Project ToolsVersion="14.0" xmlns="http://schemas.microsoft.com/developer/msbuild/2003">
  <ItemGroup>
    <Filter Include="Resource Files">
      <UniqueIdentifier>{67DA6AB6-F800-4c08-8B7A-83BB121AAD01}</UniqueIdentifier>
      <Extensions>rc;ico;cur;bmp;dlg;rc2;rct;bin;rgs;gif;jpg;jpeg;jpe;resx;tga;tiff;tif;png;wav;mfcribbon-ms</Extensions>
    </Filter>
    <Filter Include="src">
      <UniqueIdentifier>{83208dd8-4503-41d5-bc3c-d4908a6dc310}</UniqueIdentifier>
    </Filter>
    <Filter Include="src\Utils">
      <UniqueIdentifier>{1534a463-4c03-4669-9d72-81fe1f3c29f6}</UniqueIdentifier>
    </Filter>
    <Filter Include="src\Renderer">
      <UniqueIdentifier>{f0a85675-ce40-489c-a2ad-7e27ab9f1cce}</UniqueIdentifier>
    </Filter>
    <Filter Include="src\Engine">
      <UniqueIdentifier>{76c73f4b-e303-48ae-b523-99ce7624afa7}</UniqueIdentifier>
    </Filter>
    <Filter Include="src\Utils\MeshParser">
      <UniqueIdentifier>{f9461939-8d02-4fd1-8f19-f076cd3b0acb}</UniqueIdentifier>
    </Filter>
    <Filter Include="src\Utils\MeshParser\ObjParser">
      <UniqueIdentifier>{7a5de413-b7ce-4855-943a-b7d2a336e28b}</UniqueIdentifier>
    </Filter>
    <Filter Include="src\Utils\DataStructures">
      <UniqueIdentifier>{c9a3f9a0-1144-46a2-a667-523397e0f960}</UniqueIdentifier>
    </Filter>
    <Filter Include="src\Engine\State">
      <UniqueIdentifier>{4efe2d4a-c8a9-4b29-816e-37d00b434a24}</UniqueIdentifier>
    </Filter>
  </ItemGroup>
  <ItemGroup>
    <ClCompile Include="src\NecessityEngine.cpp">
      <Filter>src</Filter>
    </ClCompile>
    <ClCompile Include="src\Utils\NEFile.cpp">
      <Filter>src\Utils</Filter>
    </ClCompile>
    <ClCompile Include="src\Utils\NEString.cpp">
      <Filter>src\Utils</Filter>
    </ClCompile>
    <ClCompile Include="src\Utils\NELog.cpp">
      <Filter>src\Utils</Filter>
    </ClCompile>
    <ClCompile Include="src\Utils\MeshParser\NEMeshParser.cpp">
      <Filter>src\Utils\MeshParser</Filter>
    </ClCompile>
    <ClCompile Include="src\Utils\DataStructures\NEArray.cpp">
      <Filter>src\Utils\DataStructures</Filter>
    </ClCompile>
    <ClCompile Include="src\Utils\MeshParser\ObjParser\NEObjParser.cpp">
      <Filter>src\Utils\MeshParser\ObjParser</Filter>
    </ClCompile>
  </ItemGroup>
  <ItemGroup>
    <ClInclude Include="src\NecessityEngine.h">
      <Filter>src</Filter>
    </ClInclude>
    <ClInclude Include="src\Utils\CommonDefs.h">
      <Filter>src\Utils</Filter>
    </ClInclude>
    <ClInclude Include="src\Utils\NEFile.h">
      <Filter>src\Utils</Filter>
    </ClInclude>
    <ClInclude Include="src\Utils\NEString.h">
      <Filter>src\Utils</Filter>
    </ClInclude>
    <ClInclude Include="src\Utils\NELog.h">
      <Filter>src\Utils</Filter>
    </ClInclude>
    <ClInclude Include="src\Renderer\NERenderer.h">
      <Filter>src\Renderer</Filter>
    </ClInclude>
    <ClInclude Include="src\Renderer\NEBuffer.h">
      <Filter>src\Renderer</Filter>
    </ClInclude>
    <ClInclude Include="src\Engine\NEBrick.h">
      <Filter>src\Engine</Filter>
    </ClInclude>
    <ClInclude Include="src\Utils\MeshParser\NEMeshParser.h">
      <Filter>src\Utils\MeshParser</Filter>
    </ClInclude>
    <ClInclude Include="src\Utils\MeshParser\ObjParser\NEObjParser.h">
      <Filter>src\Utils\MeshParser\ObjParser</Filter>
    </ClInclude>
    <ClInclude Include="src\Engine\State\NEPipelineState.h">
      <Filter>src\Engine\State</Filter>
    </ClInclude>
    <ClInclude Include="src\Engine\State\NEShaderState.h">
      <Filter>src\Engine\State</Filter>
    </ClInclude>
    <ClInclude Include="src\Engine\NEEngineDefs.h">
      <Filter>src\Engine</Filter>
    </ClInclude>
  </ItemGroup>
  <ItemGroup>
    <None Include="src\Utils\DataStructures\NEArray.h">
      <Filter>src\Utils\DataStructures</Filter>
    </None>
  </ItemGroup>
</Project>